{
  "originHash" : "55ef4021ef49dca964dd0cd39f11d92e3ee967cd551cf3e422e4ce96445230fb",
  "pins" : [
    {
      "identity" : "ultacoreui",
      "kind" : "remoteSourceControl",
      "location" : "https://github.com/rkum00/UltaCoreUI",
      "state" : {
        "branch" : "main",
        "revision" : "16c2cfd0318b191c324f42eb15d4929be70f5216"
      }
    }
  ],
  "version" : 3
}
