// !$*UTF8*$!
{
	archiveVersion = 1;
	classes = {
	};
	objectVersion = 56;
	objects = {

/* Begin PBXBuildFile section */
		8808554F2EE1DEB80016AA79 /* UltaCardContainerView.swift in Sources */ = {isa = PBXBuildFile; fileRef = 8808554E2EE1DEB80016AA79 /* UltaCardContainerView.swift */; };
		880855512EE1DF0E0016AA79 /* UltaCardContainerViewPresenter.swift in Sources */ = {isa = PBXBuildFile; fileRef = 880855502EE1DF0E0016AA79 /* UltaCardContainerViewPresenter.swift */; };
		880855532EE1DF450016AA79 /* UltaCardContainerViewOptions.swift in Sources */ = {isa = PBXBuildFile; fileRef = 880855522EE1DF450016AA79 /* UltaCardContainerViewOptions.swift */; };
		880855552EE1E2CA0016AA79 /* UltaCardContainerRowView.swift in Sources */ = {isa = PBXBuildFile; fileRef = 880855542EE1E2CA0016AA79 /* UltaCardContainerRowView.swift */; };
		881064542EDEAEBD001B17CC /* UltaConstants.swift in Sources */ = {isa = PBXBuildFile; fileRef = 881064532EDEAEBD001B17CC /* UltaConstants.swift */; };
		8829728C2EDEE6E100538F3F /* UltaOptionsThemeView.swift in Sources */ = {isa = PBXBuildFile; fileRef = 8829728B2EDEE6E100538F3F /* UltaOptionsThemeView.swift */; };
		8829728E2EE01DB100538F3F /* UltaOptionsThemeRouter.swift in Sources */ = {isa = PBXBuildFile; fileRef = 8829728D2EE01DB100538F3F /* UltaOptionsThemeRouter.swift */; };
		882972902EE01DF000538F3F /* UltaOptionsThemePresenter.swift in Sources */ = {isa = PBXBuildFile; fileRef = 8829728F2EE01DF000538F3F /* UltaOptionsThemePresenter.swift */; };
		882972932EE039D400538F3F /* UltaTextView.swift in Sources */ = {isa = PBXBuildFile; fileRef = 882972922EE039D400538F3F /* UltaTextView.swift */; };
		882972952EE0419700538F3F /* UltaTextViewPresenter.swift in Sources */ = {isa = PBXBuildFile; fileRef = 882972942EE0419700538F3F /* UltaTextViewPresenter.swift */; };
		882972972EE0420C00538F3F /* UltaTextViewOptions.swift in Sources */ = {isa = PBXBuildFile; fileRef = 882972962EE0420C00538F3F /* UltaTextViewOptions.swift */; };
		882972992EE0456F00538F3F /* UltaTextRowView.swift in Sources */ = {isa = PBXBuildFile; fileRef = 882972982EE0456F00538F3F /* UltaTextRowView.swift */; };
		889151372EEFE72C000EB452 /* UltaBannerView.swift in Sources */ = {isa = PBXBuildFile; fileRef = 889151362EEFE72C000EB452 /* UltaBannerView.swift */; };
		889151392EEFE774000EB452 /* UltaBannerViewPresenter.swift in Sources */ = {isa = PBXBuildFile; fileRef = 889151382EEFE774000EB452 /* UltaBannerViewPresenter.swift */; };
		8891513B2EEFE78E000EB452 /* UltaBannerViewOptions.swift in Sources */ = {isa = PBXBuildFile; fileRef = 8891513A2EEFE78E000EB452 /* UltaBannerViewOptions.swift */; };
		8891513D2EEFE7C8000EB452 /* UltaBannerRowView.swift in Sources */ = {isa = PBXBuildFile; fileRef = 8891513C2EEFE7C8000EB452 /* UltaBannerRowView.swift */; };
		88A606872EF5290C007BED5D /* UltaFontsView.swift in Sources */ = {isa = PBXBuildFile; fileRef = 88A606862EF5290C007BED5D /* UltaFontsView.swift */; };
		88A606892EF52928007BED5D /* UltaFontsOptions.swift in Sources */ = {isa = PBXBuildFile; fileRef = 88A606882EF52928007BED5D /* UltaFontsOptions.swift */; };
		88A6068B2EF5293B007BED5D /* UltaFontsPresenter.swift in Sources */ = {isa = PBXBuildFile; fileRef = 88A6068A2EF5293B007BED5D /* UltaFontsPresenter.swift */; };
		88A6068D2EF52954007BED5D /* UltaFontsRowView.swift in Sources */ = {isa = PBXBuildFile; fileRef = 88A6068C2EF52953007BED5D /* UltaFontsRowView.swift */; };
		88A6068F2EF6D5D0007BED5D /* Launch Screen.storyboard in Resources */ = {isa = PBXBuildFile; fileRef = 88A6068E2EF6D5D0007BED5D /* Launch Screen.storyboard */; };
		88A606922EF6DC7F007BED5D /* UltaIconsView.swift in Sources */ = {isa = PBXBuildFile; fileRef = 88A606912EF6DC7F007BED5D /* UltaIconsView.swift */; };
		88A606942EF6DCBF007BED5D /* UltaIconsPresenter.swift in Sources */ = {isa = PBXBuildFile; fileRef = 88A606932EF6DCBF007BED5D /* UltaIconsPresenter.swift */; };
		88A606962EF6DCDC007BED5D /* UltaIconsRowView.swift in Sources */ = {isa = PBXBuildFile; fileRef = 88A606952EF6DCDC007BED5D /* UltaIconsRowView.swift */; };
		88A606982EF6DD08007BED5D /* UltaIconsOptions.swift in Sources */ = {isa = PBXBuildFile; fileRef = 88A606972EF6DD08007BED5D /* UltaIconsOptions.swift */; };
		88BED5412EF92C22000D7E4A /* UltaButtonView.swift in Sources */ = {isa = PBXBuildFile; fileRef = 88BED5402EF92C22000D7E4A /* UltaButtonView.swift */; };
		88BED5432EF92C3A000D7E4A /* UltaButtonViewPresenter.swift in Sources */ = {isa = PBXBuildFile; fileRef = 88BED5422EF92C3A000D7E4A /* UltaButtonViewPresenter.swift */; };
		88BED5452EF92C56000D7E4A /* UltaButtonViewOptions.swift in Sources */ = {isa = PBXBuildFile; fileRef = 88BED5442EF92C56000D7E4A /* UltaButtonViewOptions.swift */; };
		88BED5472EF92C71000D7E4A /* UltaButtonRowView.swift in Sources */ = {isa = PBXBuildFile; fileRef = 88BED5462EF92C71000D7E4A /* UltaButtonRowView.swift */; };
		88C808782ED73AB3000BD06E /* UltaCoreUIExampleApp.swift in Sources */ = {isa = PBXBuildFile; fileRef = 88C808772ED73AB3000BD06E /* UltaCoreUIExampleApp.swift */; };
		88C8087A2ED73AB3000BD06E /* ContentView.swift in Sources */ = {isa = PBXBuildFile; fileRef = 88C808792ED73AB3000BD06E /* ContentView.swift */; };
		88C8087C2ED73AB5000BD06E /* Assets.xcassets in Resources */ = {isa = PBXBuildFile; fileRef = 88C8087B2ED73AB5000BD06E /* Assets.xcassets */; };
		88C8087F2ED73AB5000BD06E /* Preview Assets.xcassets in Resources */ = {isa = PBXBuildFile; fileRef = 88C8087E2ED73AB5000BD06E /* Preview Assets.xcassets */; };
		88C808892ED73AB5000BD06E /* UltaCoreUIExampleTests.swift in Sources */ = {isa = PBXBuildFile; fileRef = 88C808882ED73AB5000BD06E /* UltaCoreUIExampleTests.swift */; };
		88C808932ED73AB5000BD06E /* UltaCoreUIExampleUITests.swift in Sources */ = {isa = PBXBuildFile; fileRef = 88C808922ED73AB5000BD06E /* UltaCoreUIExampleUITests.swift */; };
		88C808952ED73AB5000BD06E /* UltaCoreUIExampleUITestsLaunchTests.swift in Sources */ = {isa = PBXBuildFile; fileRef = 88C808942ED73AB5000BD06E /* UltaCoreUIExampleUITestsLaunchTests.swift */; };
		88C808A32ED73F30000BD06E /* UltaCoreUI in Frameworks */ = {isa = PBXBuildFile; productRef = 88C808A22ED73F30000BD06E /* UltaCoreUI */; };
		88E487F92EF3FFDF001D99E6 /* UltaColorsView.swift in Sources */ = {isa = PBXBuildFile; fileRef = 88E487F82EF3FFDF001D99E6 /* UltaColorsView.swift */; };
		88E487FB2EF40007001D99E6 /* UltaColorsOptions.swift in Sources */ = {isa = PBXBuildFile; fileRef = 88E487FA2EF40007001D99E6 /* UltaColorsOptions.swift */; };
		88E487FD2EF40030001D99E6 /* UltaColorsPresenter.swift in Sources */ = {isa = PBXBuildFile; fileRef = 88E487FC2EF40030001D99E6 /* UltaColorsPresenter.swift */; };
		88E488012EF44412001D99E6 /* UltaColorsRowView.swift in Sources */ = {isa = PBXBuildFile; fileRef = 88E488002EF44412001D99E6 /* UltaColorsRowView.swift */; };
		88F774892EF3055F00CD9262 /* UltaLoaderView.swift in Sources */ = {isa = PBXBuildFile; fileRef = 88F774882EF3055F00CD9262 /* UltaLoaderView.swift */; };
		88F7748B2EF3059900CD9262 /* UltaLoaderOptions.swift in Sources */ = {isa = PBXBuildFile; fileRef = 88F7748A2EF3059900CD9262 /* UltaLoaderOptions.swift */; };
		88F7748D2EF305BA00CD9262 /* UltaLoaderPresenter.swift in Sources */ = {isa = PBXBuildFile; fileRef = 88F7748C2EF305B900CD9262 /* UltaLoaderPresenter.swift */; };
		88F7748F2EF305D400CD9262 /* UltaLoaderRowView.swift in Sources */ = {isa = PBXBuildFile; fileRef = 88F7748E2EF305D400CD9262 /* UltaLoaderRowView.swift */; };
/* End PBXBuildFile section */

/* Begin PBXContainerItemProxy section */
		88C808852ED73AB5000BD06E /* PBXContainerItemProxy */ = {
			isa = PBXContainerItemProxy;
			containerPortal = 88C8086C2ED73AB3000BD06E /* Project object */;
			proxyType = 1;
			remoteGlobalIDString = 88C808732ED73AB3000BD06E;
			remoteInfo = UltaCoreUIExample;
		};
		88C8088F2ED73AB5000BD06E /* PBXContainerItemProxy */ = {
			isa = PBXContainerItemProxy;
			containerPortal = 88C8086C2ED73AB3000BD06E /* Project object */;
			proxyType = 1;
			remoteGlobalIDString = 88C808732ED73AB3000BD06E;
			remoteInfo = UltaCoreUIExample;
		};
/* End PBXContainerItemProxy section */

/* Begin PBXFileReference section */
		8808554E2EE1DEB80016AA79 /* UltaCardContainerView.swift */ = {isa = PBXFileReference; lastKnownFileType = sourcecode.swift; path = UltaCardContainerView.swift; sourceTree = "<group>"; };
		880855502EE1DF0E0016AA79 /* UltaCardContainerViewPresenter.swift */ = {isa = PBXFileReference; lastKnownFileType = sourcecode.swift; path = UltaCardContainerViewPresenter.swift; sourceTree = "<group>"; };
		880855522EE1DF450016AA79 /* UltaCardContainerViewOptions.swift */ = {isa = PBXFileReference; lastKnownFileType = sourcecode.swift; path = UltaCardContainerViewOptions.swift; sourceTree = "<group>"; };
		880855542EE1E2CA0016AA79 /* UltaCardContainerRowView.swift */ = {isa = PBXFileReference; lastKnownFileType = sourcecode.swift; path = UltaCardContainerRowView.swift; sourceTree = "<group>"; };
		881064532EDEAEBD001B17CC /* UltaConstants.swift */ = {isa = PBXFileReference; lastKnownFileType = sourcecode.swift; path = UltaConstants.swift; sourceTree = "<group>"; };
		8829728B2EDEE6E100538F3F /* UltaOptionsThemeView.swift */ = {isa = PBXFileReference; lastKnownFileType = sourcecode.swift; path = UltaOptionsThemeView.swift; sourceTree = "<group>"; };
		8829728D2EE01DB100538F3F /* UltaOptionsThemeRouter.swift */ = {isa = PBXFileReference; lastKnownFileType = sourcecode.swift; path = UltaOptionsThemeRouter.swift; sourceTree = "<group>"; };
		8829728F2EE01DF000538F3F /* UltaOptionsThemePresenter.swift */ = {isa = PBXFileReference; lastKnownFileType = sourcecode.swift; path = UltaOptionsThemePresenter.swift; sourceTree = "<group>"; };
		882972922EE039D400538F3F /* UltaTextView.swift */ = {isa = PBXFileReference; lastKnownFileType = sourcecode.swift; path = UltaTextView.swift; sourceTree = "<group>"; };
		882972942EE0419700538F3F /* UltaTextViewPresenter.swift */ = {isa = PBXFileReference; lastKnownFileType = sourcecode.swift; path = UltaTextViewPresenter.swift; sourceTree = "<group>"; };
		882972962EE0420C00538F3F /* UltaTextViewOptions.swift */ = {isa = PBXFileReference; lastKnownFileType = sourcecode.swift; path = UltaTextViewOptions.swift; sourceTree = "<group>"; };
		882972982EE0456F00538F3F /* UltaTextRowView.swift */ = {isa = PBXFileReference; lastKnownFileType = sourcecode.swift; path = UltaTextRowView.swift; sourceTree = "<group>"; };
		889151362EEFE72C000EB452 /* UltaBannerView.swift */ = {isa = PBXFileReference; lastKnownFileType = sourcecode.swift; path = UltaBannerView.swift; sourceTree = "<group>"; };
		889151382EEFE774000EB452 /* UltaBannerViewPresenter.swift */ = {isa = PBXFileReference; lastKnownFileType = sourcecode.swift; path = UltaBannerViewPresenter.swift; sourceTree = "<group>"; };
		8891513A2EEFE78E000EB452 /* UltaBannerViewOptions.swift */ = {isa = PBXFileReference; lastKnownFileType = sourcecode.swift; path = UltaBannerViewOptions.swift; sourceTree = "<group>"; };
		8891513C2EEFE7C8000EB452 /* UltaBannerRowView.swift */ = {isa = PBXFileReference; lastKnownFileType = sourcecode.swift; path = UltaBannerRowView.swift; sourceTree = "<group>"; };
		88A606862EF5290C007BED5D /* UltaFontsView.swift */ = {isa = PBXFileReference; lastKnownFileType = sourcecode.swift; path = UltaFontsView.swift; sourceTree = "<group>"; };
		88A606882EF52928007BED5D /* UltaFontsOptions.swift */ = {isa = PBXFileReference; lastKnownFileType = sourcecode.swift; path = UltaFontsOptions.swift; sourceTree = "<group>"; };
		88A6068A2EF5293B007BED5D /* UltaFontsPresenter.swift */ = {isa = PBXFileReference; lastKnownFileType = sourcecode.swift; path = UltaFontsPresenter.swift; sourceTree = "<group>"; };
		88A6068C2EF52953007BED5D /* UltaFontsRowView.swift */ = {isa = PBXFileReference; lastKnownFileType = sourcecode.swift; path = UltaFontsRowView.swift; sourceTree = "<group>"; };
		88A6068E2EF6D5D0007BED5D /* Launch Screen.storyboard */ = {isa = PBXFileReference; lastKnownFileType = file.storyboard; path = "Launch Screen.storyboard"; sourceTree = "<group>"; };
		88A606912EF6DC7F007BED5D /* UltaIconsView.swift */ = {isa = PBXFileReference; lastKnownFileType = sourcecode.swift; path = UltaIconsView.swift; sourceTree = "<group>"; };
		88A606932EF6DCBF007BED5D /* UltaIconsPresenter.swift */ = {isa = PBXFileReference; lastKnownFileType = sourcecode.swift; path = UltaIconsPresenter.swift; sourceTree = "<group>"; };
		88A606952EF6DCDC007BED5D /* UltaIconsRowView.swift */ = {isa = PBXFileReference; lastKnownFileType = sourcecode.swift; path = UltaIconsRowView.swift; sourceTree = "<group>"; };
		88A606972EF6DD08007BED5D /* UltaIconsOptions.swift */ = {isa = PBXFileReference; lastKnownFileType = sourcecode.swift; path = UltaIconsOptions.swift; sourceTree = "<group>"; };
		88BED5402EF92C22000D7E4A /* UltaButtonView.swift */ = {isa = PBXFileReference; lastKnownFileType = sourcecode.swift; path = UltaButtonView.swift; sourceTree = "<group>"; };
		88BED5422EF92C3A000D7E4A /* UltaButtonViewPresenter.swift */ = {isa = PBXFileReference; lastKnownFileType = sourcecode.swift; path = UltaButtonViewPresenter.swift; sourceTree = "<group>"; };
		88BED5442EF92C56000D7E4A /* UltaButtonViewOptions.swift */ = {isa = PBXFileReference; lastKnownFileType = sourcecode.swift; path = UltaButtonViewOptions.swift; sourceTree = "<group>"; };
		88BED5462EF92C71000D7E4A /* UltaButtonRowView.swift */ = {isa = PBXFileReference; lastKnownFileType = sourcecode.swift; path = UltaButtonRowView.swift; sourceTree = "<group>"; };
		88C808742ED73AB3000BD06E /* UltaCoreUIExample.app */ = {isa = PBXFileReference; explicitFileType = wrapper.application; includeInIndex = 0; path = UltaCoreUIExample.app; sourceTree = BUILT_PRODUCTS_DIR; };
		88C808772ED73AB3000BD06E /* UltaCoreUIExampleApp.swift */ = {isa = PBXFileReference; lastKnownFileType = sourcecode.swift; path = UltaCoreUIExampleApp.swift; sourceTree = "<group>"; };
		88C808792ED73AB3000BD06E /* ContentView.swift */ = {isa = PBXFileReference; lastKnownFileType = sourcecode.swift; path = ContentView.swift; sourceTree = "<group>"; };
		88C8087B2ED73AB5000BD06E /* Assets.xcassets */ = {isa = PBXFileReference; lastKnownFileType = folder.assetcatalog; path = Assets.xcassets; sourceTree = "<group>"; };
		88C8087E2ED73AB5000BD06E /* Preview Assets.xcassets */ = {isa = PBXFileReference; lastKnownFileType = folder.assetcatalog; path = "Preview Assets.xcassets"; sourceTree = "<group>"; };
		88C808842ED73AB5000BD06E /* UltaCoreUIExampleTests.xctest */ = {isa = PBXFileReference; explicitFileType = wrapper.cfbundle; includeInIndex = 0; path = UltaCoreUIExampleTests.xctest; sourceTree = BUILT_PRODUCTS_DIR; };
		88C808882ED73AB5000BD06E /* UltaCoreUIExampleTests.swift */ = {isa = PBXFileReference; lastKnownFileType = sourcecode.swift; path = UltaCoreUIExampleTests.swift; sourceTree = "<group>"; };
		88C8088E2ED73AB5000BD06E /* UltaCoreUIExampleUITests.xctest */ = {isa = PBXFileReference; explicitFileType = wrapper.cfbundle; includeInIndex = 0; path = UltaCoreUIExampleUITests.xctest; sourceTree = BUILT_PRODUCTS_DIR; };
		88C808922ED73AB5000BD06E /* UltaCoreUIExampleUITests.swift */ = {isa = PBXFileReference; lastKnownFileType = sourcecode.swift; path = UltaCoreUIExampleUITests.swift; sourceTree = "<group>"; };
		88C808942ED73AB5000BD06E /* UltaCoreUIExampleUITestsLaunchTests.swift */ = {isa = PBXFileReference; lastKnownFileType = sourcecode.swift; path = UltaCoreUIExampleUITestsLaunchTests.swift; sourceTree = "<group>"; };
		88E487F82EF3FFDF001D99E6 /* UltaColorsView.swift */ = {isa = PBXFileReference; lastKnownFileType = sourcecode.swift; path = UltaColorsView.swift; sourceTree = "<group>"; };
		88E487FA2EF40007001D99E6 /* UltaColorsOptions.swift */ = {isa = PBXFileReference; lastKnownFileType = sourcecode.swift; path = UltaColorsOptions.swift; sourceTree = "<group>"; };
		88E487FC2EF40030001D99E6 /* UltaColorsPresenter.swift */ = {isa = PBXFileReference; lastKnownFileType = sourcecode.swift; path = UltaColorsPresenter.swift; sourceTree = "<group>"; };
		88E488002EF44412001D99E6 /* UltaColorsRowView.swift */ = {isa = PBXFileReference; lastKnownFileType = sourcecode.swift; path = UltaColorsRowView.swift; sourceTree = "<group>"; };
		88F774882EF3055F00CD9262 /* UltaLoaderView.swift */ = {isa = PBXFileReference; lastKnownFileType = sourcecode.swift; path = UltaLoaderView.swift; sourceTree = "<group>"; };
		88F7748A2EF3059900CD9262 /* UltaLoaderOptions.swift */ = {isa = PBXFileReference; lastKnownFileType = sourcecode.swift; path = UltaLoaderOptions.swift; sourceTree = "<group>"; };
		88F7748C2EF305B900CD9262 /* UltaLoaderPresenter.swift */ = {isa = PBXFileReference; lastKnownFileType = sourcecode.swift; path = UltaLoaderPresenter.swift; sourceTree = "<group>"; };
		88F7748E2EF305D400CD9262 /* UltaLoaderRowView.swift */ = {isa = PBXFileReference; lastKnownFileType = sourcecode.swift; path = UltaLoaderRowView.swift; sourceTree = "<group>"; };
/* End PBXFileReference section */

/* Begin PBXFrameworksBuildPhase section */
		88C808712ED73AB3000BD06E /* Frameworks */ = {
			isa = PBXFrameworksBuildPhase;
			buildActionMask = 2147483647;
			files = (
				88C808A32ED73F30000BD06E /* UltaCoreUI in Frameworks */,
			);
			runOnlyForDeploymentPostprocessing = 0;
		};
		88C808812ED73AB5000BD06E /* Frameworks */ = {
			isa = PBXFrameworksBuildPhase;
			buildActionMask = 2147483647;
			files = (
			);
			runOnlyForDeploymentPostprocessing = 0;
		};
		88C8088B2ED73AB5000BD06E /* Frameworks */ = {
			isa = PBXFrameworksBuildPhase;
			buildActionMask = 2147483647;
			files = (
			);
			runOnlyForDeploymentPostprocessing = 0;
		};
/* End PBXFrameworksBuildPhase section */

/* Begin PBXGroup section */
		8808554B2EE17CF10016AA79 /* UltaAtoms */ = {
			isa = PBXGroup;
			children = (
				88E487F72EF3FFB2001D99E6 /* Colors */,
				88A606852EF528BF007BED5D /* Fonts */,
				88A606902EF6DC36007BED5D /* Icons */,
			);
			path = UltaAtoms;
			sourceTree = "<group>";
		};
		8808554C2EE17CFD0016AA79 /* UltaMolecules */ = {
			isa = PBXGroup;
			children = (
				882972912EE0399500538F3F /* UltaTextView */,
				88BED53F2EF92BD5000D7E4A /* UltaButton */,
				8808554D2EE1DE730016AA79 /* UltaCardContainer */,
				889151352EEFE6E4000EB452 /* UltaBanner */,
				88F774872EF3053F00CD9262 /* UltaLoader */,
			);
			path = UltaMolecules;
			sourceTree = "<group>";
		};
		8808554D2EE1DE730016AA79 /* UltaCardContainer */ = {
			isa = PBXGroup;
			children = (
				8808554E2EE1DEB80016AA79 /* UltaCardContainerView.swift */,
				880855502EE1DF0E0016AA79 /* UltaCardContainerViewPresenter.swift */,
				880855522EE1DF450016AA79 /* UltaCardContainerViewOptions.swift */,
				880855542EE1E2CA0016AA79 /* UltaCardContainerRowView.swift */,
			);
			path = UltaCardContainer;
			sourceTree = "<group>";
		};
		881064522EDEABBD001B17CC /* HomeView */ = {
			isa = PBXGroup;
			children = (
				88C808792ED73AB3000BD06E /* ContentView.swift */,
			);
			path = HomeView;
			sourceTree = "<group>";
		};
		8829728A2EDEE6A900538F3F /* UltaThemesView */ = {
			isa = PBXGroup;
			children = (
				8829728B2EDEE6E100538F3F /* UltaOptionsThemeView.swift */,
				8829728D2EE01DB100538F3F /* UltaOptionsThemeRouter.swift */,
				8829728F2EE01DF000538F3F /* UltaOptionsThemePresenter.swift */,
			);
			path = UltaThemesView;
			sourceTree = "<group>";
		};
		882972912EE0399500538F3F /* UltaTextView */ = {
			isa = PBXGroup;
			children = (
				882972922EE039D400538F3F /* UltaTextView.swift */,
				882972942EE0419700538F3F /* UltaTextViewPresenter.swift */,
				882972962EE0420C00538F3F /* UltaTextViewOptions.swift */,
				882972982EE0456F00538F3F /* UltaTextRowView.swift */,
			);
			path = UltaTextView;
			sourceTree = "<group>";
		};
		889151352EEFE6E4000EB452 /* UltaBanner */ = {
			isa = PBXGroup;
			children = (
				889151362EEFE72C000EB452 /* UltaBannerView.swift */,
				889151382EEFE774000EB452 /* UltaBannerViewPresenter.swift */,
				8891513A2EEFE78E000EB452 /* UltaBannerViewOptions.swift */,
				8891513C2EEFE7C8000EB452 /* UltaBannerRowView.swift */,
			);
			path = UltaBanner;
			sourceTree = "<group>";
		};
		88A606852EF528BF007BED5D /* Fonts */ = {
			isa = PBXGroup;
			children = (
				88A606862EF5290C007BED5D /* UltaFontsView.swift */,
				88A606882EF52928007BED5D /* UltaFontsOptions.swift */,
				88A6068A2EF5293B007BED5D /* UltaFontsPresenter.swift */,
				88A6068C2EF52953007BED5D /* UltaFontsRowView.swift */,
			);
			path = Fonts;
			sourceTree = "<group>";
		};
		88A606902EF6DC36007BED5D /* Icons */ = {
			isa = PBXGroup;
			children = (
				88A606912EF6DC7F007BED5D /* UltaIconsView.swift */,
				88A606972EF6DD08007BED5D /* UltaIconsOptions.swift */,
				88A606932EF6DCBF007BED5D /* UltaIconsPresenter.swift */,
				88A606952EF6DCDC007BED5D /* UltaIconsRowView.swift */,
			);
			path = Icons;
			sourceTree = "<group>";
		};
		88BED53F2EF92BD5000D7E4A /* UltaButton */ = {
			isa = PBXGroup;
			children = (
				88BED5402EF92C22000D7E4A /* UltaButtonView.swift */,
				88BED5422EF92C3A000D7E4A /* UltaButtonViewPresenter.swift */,
				88BED5442EF92C56000D7E4A /* UltaButtonViewOptions.swift */,
				88BED5462EF92C71000D7E4A /* UltaButtonRowView.swift */,
			);
			path = UltaButton;
			sourceTree = "<group>";
		};
		88C8086B2ED73AB3000BD06E = {
			isa = PBXGroup;
			children = (
				88A6068E2EF6D5D0007BED5D /* Launch Screen.storyboard */,
				88C808762ED73AB3000BD06E /* UltaCoreUIExample */,
				88C808872ED73AB5000BD06E /* UltaCoreUIExampleTests */,
				88C808912ED73AB5000BD06E /* UltaCoreUIExampleUITests */,
				88C808752ED73AB3000BD06E /* Products */,
			);
			sourceTree = "<group>";
		};
		88C808752ED73AB3000BD06E /* Products */ = {
			isa = PBXGroup;
			children = (
				88C808742ED73AB3000BD06E /* UltaCoreUIExample.app */,
				88C808842ED73AB5000BD06E /* UltaCoreUIExampleTests.xctest */,
				88C8088E2ED73AB5000BD06E /* UltaCoreUIExampleUITests.xctest */,
			);
			name = Products;
			sourceTree = "<group>";
		};
		88C808762ED73AB3000BD06E /* UltaCoreUIExample */ = {
			isa = PBXGroup;
			children = (
				881064532EDEAEBD001B17CC /* UltaConstants.swift */,
				88C808772ED73AB3000BD06E /* UltaCoreUIExampleApp.swift */,
				881064522EDEABBD001B17CC /* HomeView */,
				8808554B2EE17CF10016AA79 /* UltaAtoms */,
				8808554C2EE17CFD0016AA79 /* UltaMolecules */,
				8829728A2EDEE6A900538F3F /* UltaThemesView */,
				88C8087B2ED73AB5000BD06E /* Assets.xcassets */,
				88C8087D2ED73AB5000BD06E /* Preview Content */,
			);
			path = UltaCoreUIExample;
			sourceTree = "<group>";
		};
		88C8087D2ED73AB5000BD06E /* Preview Content */ = {
			isa = PBXGroup;
			children = (
				88C8087E2ED73AB5000BD06E /* Preview Assets.xcassets */,
			);
			path = "Preview Content";
			sourceTree = "<group>";
		};
		88C808872ED73AB5000BD06E /* UltaCoreUIExampleTests */ = {
			isa = PBXGroup;
			children = (
				88C808882ED73AB5000BD06E /* UltaCoreUIExampleTests.swift */,
			);
			path = UltaCoreUIExampleTests;
			sourceTree = "<group>";
		};
		88C808912ED73AB5000BD06E /* UltaCoreUIExampleUITests */ = {
			isa = PBXGroup;
			children = (
				88C808922ED73AB5000BD06E /* UltaCoreUIExampleUITests.swift */,
				88C808942ED73AB5000BD06E /* UltaCoreUIExampleUITestsLaunchTests.swift */,
			);
			path = UltaCoreUIExampleUITests;
			sourceTree = "<group>";
		};
		88E487F72EF3FFB2001D99E6 /* Colors */ = {
			isa = PBXGroup;
			children = (
				88E487F82EF3FFDF001D99E6 /* UltaColorsView.swift */,
				88E487FA2EF40007001D99E6 /* UltaColorsOptions.swift */,
				88E487FC2EF40030001D99E6 /* UltaColorsPresenter.swift */,
				88E488002EF44412001D99E6 /* UltaColorsRowView.swift */,
			);
			path = Colors;
			sourceTree = "<group>";
		};
		88F774872EF3053F00CD9262 /* UltaLoader */ = {
			isa = PBXGroup;
			children = (
				88F774882EF3055F00CD9262 /* UltaLoaderView.swift */,
				88F7748A2EF3059900CD9262 /* UltaLoaderOptions.swift */,
				88F7748C2EF305B900CD9262 /* UltaLoaderPresenter.swift */,
				88F7748E2EF305D400CD9262 /* UltaLoaderRowView.swift */,
			);
			path = UltaLoader;
			sourceTree = "<group>";
		};
/* End PBXGroup section */

/* Begin PBXNativeTarget section */
		88C808732ED73AB3000BD06E /* UltaCoreUIExample */ = {
			isa = PBXNativeTarget;
			buildConfigurationList = 88C808982ED73AB5000BD06E /* Build configuration list for PBXNativeTarget "UltaCoreUIExample" */;
			buildPhases = (
				88C808702ED73AB3000BD06E /* Sources */,
				88C808712ED73AB3000BD06E /* Frameworks */,
				88C808722ED73AB3000BD06E /* Resources */,
			);
			buildRules = (
			);
			dependencies = (
			);
			name = UltaCoreUIExample;
			packageProductDependencies = (
				88C808A22ED73F30000BD06E /* UltaCoreUI */,
			);
			productName = UltaCoreUIExample;
			productReference = 88C808742ED73AB3000BD06E /* UltaCoreUIExample.app */;
			productType = "com.apple.product-type.application";
		};
		88C808832ED73AB5000BD06E /* UltaCoreUIExampleTests */ = {
			isa = PBXNativeTarget;
			buildConfigurationList = 88C8089B2ED73AB5000BD06E /* Build configuration list for PBXNativeTarget "UltaCoreUIExampleTests" */;
			buildPhases = (
				88C808802ED73AB5000BD06E /* Sources */,
				88C808812ED73AB5000BD06E /* Frameworks */,
				88C808822ED73AB5000BD06E /* Resources */,
			);
			buildRules = (
			);
			dependencies = (
				88C808862ED73AB5000BD06E /* PBXTargetDependency */,
			);
			name = UltaCoreUIExampleTests;
			productName = UltaCoreUIExampleTests;
			productReference = 88C808842ED73AB5000BD06E /* UltaCoreUIExampleTests.xctest */;
			productType = "com.apple.product-type.bundle.unit-test";
		};
		88C8088D2ED73AB5000BD06E /* UltaCoreUIExampleUITests */ = {
			isa = PBXNativeTarget;
			buildConfigurationList = 88C8089E2ED73AB5000BD06E /* Build configuration list for PBXNativeTarget "UltaCoreUIExampleUITests" */;
			buildPhases = (
				88C8088A2ED73AB5000BD06E /* Sources */,
				88C8088B2ED73AB5000BD06E /* Frameworks */,
				88C8088C2ED73AB5000BD06E /* Resources */,
			);
			buildRules = (
			);
			dependencies = (
				88C808902ED73AB5000BD06E /* PBXTargetDependency */,
			);
			name = UltaCoreUIExampleUITests;
			productName = UltaCoreUIExampleUITests;
			productReference = 88C8088E2ED73AB5000BD06E /* UltaCoreUIExampleUITests.xctest */;
			productType = "com.apple.product-type.bundle.ui-testing";
		};
/* End PBXNativeTarget section */

/* Begin PBXProject section */
		88C8086C2ED73AB3000BD06E /* Project object */ = {
			isa = PBXProject;
			attributes = {
				BuildIndependentTargetsInParallel = 1;
				LastSwiftUpdateCheck = 1540;
				LastUpgradeCheck = 1540;
				TargetAttributes = {
					88C808732ED73AB3000BD06E = {
						CreatedOnToolsVersion = 15.4;
					};
					88C808832ED73AB5000BD06E = {
						CreatedOnToolsVersion = 15.4;
						TestTargetID = 88C808732ED73AB3000BD06E;
					};
					88C8088D2ED73AB5000BD06E = {
						CreatedOnToolsVersion = 15.4;
						TestTargetID = 88C808732ED73AB3000BD06E;
					};
				};
			};
			buildConfigurationList = 88C8086F2ED73AB3000BD06E /* Build configuration list for PBXProject "UltaCoreUIExample" */;
			compatibilityVersion = "Xcode 14.0";
			developmentRegion = en;
			hasScannedForEncodings = 0;
			knownRegions = (
				en,
				Base,
			);
			mainGroup = 88C8086B2ED73AB3000BD06E;
			packageReferences = (
				88C808A12ED73F30000BD06E /* XCRemoteSwiftPackageReference "UltaCoreUI" */,
			);
			productRefGroup = 88C808752ED73AB3000BD06E /* Products */;
			projectDirPath = "";
			projectRoot = "";
			targets = (
				88C808732ED73AB3000BD06E /* UltaCoreUIExample */,
				88C808832ED73AB5000BD06E /* UltaCoreUIExampleTests */,
				88C8088D2ED73AB5000BD06E /* UltaCoreUIExampleUITests */,
			);
		};
/* End PBXProject section */

/* Begin PBXResourcesBuildPhase section */
		88C808722ED73AB3000BD06E /* Resources */ = {
			isa = PBXResourcesBuildPhase;
			buildActionMask = 2147483647;
			files = (
				88A6068F2EF6D5D0007BED5D /* Launch Screen.storyboard in Resources */,
				88C8087F2ED73AB5000BD06E /* Preview Assets.xcassets in Resources */,
				88C8087C2ED73AB5000BD06E /* Assets.xcassets in Resources */,
			);
			runOnlyForDeploymentPostprocessing = 0;
		};
		88C808822ED73AB5000BD06E /* Resources */ = {
			isa = PBXResourcesBuildPhase;
			buildActionMask = 2147483647;
			files = (
			);
			runOnlyForDeploymentPostprocessing = 0;
		};
		88C8088C2ED73AB5000BD06E /* Resources */ = {
			isa = PBXResourcesBuildPhase;
			buildActionMask = 2147483647;
			files = (
			);
			runOnlyForDeploymentPostprocessing = 0;
		};
/* End PBXResourcesBuildPhase section */

/* Begin PBXSourcesBuildPhase section */
		88C808702ED73AB3000BD06E /* Sources */ = {
			isa = PBXSourcesBuildPhase;
			buildActionMask = 2147483647;
			files = (
				88C8087A2ED73AB3000BD06E /* ContentView.swift in Sources */,
				8891513D2EEFE7C8000EB452 /* UltaBannerRowView.swift in Sources */,
				880855552EE1E2CA0016AA79 /* UltaCardContainerRowView.swift in Sources */,
				882972932EE039D400538F3F /* UltaTextView.swift in Sources */,
				88F774892EF3055F00CD9262 /* UltaLoaderView.swift in Sources */,
				882972992EE0456F00538F3F /* UltaTextRowView.swift in Sources */,
				88E487FB2EF40007001D99E6 /* UltaColorsOptions.swift in Sources */,
				882972972EE0420C00538F3F /* UltaTextViewOptions.swift in Sources */,
				88F7748B2EF3059900CD9262 /* UltaLoaderOptions.swift in Sources */,
				88F7748F2EF305D400CD9262 /* UltaLoaderRowView.swift in Sources */,
				88A606872EF5290C007BED5D /* UltaFontsView.swift in Sources */,
				88BED5412EF92C22000D7E4A /* UltaButtonView.swift in Sources */,
				88A606922EF6DC7F007BED5D /* UltaIconsView.swift in Sources */,
				88E487FD2EF40030001D99E6 /* UltaColorsPresenter.swift in Sources */,
				882972902EE01DF000538F3F /* UltaOptionsThemePresenter.swift in Sources */,
				889151372EEFE72C000EB452 /* UltaBannerView.swift in Sources */,
				889151392EEFE774000EB452 /* UltaBannerViewPresenter.swift in Sources */,
				88A606962EF6DCDC007BED5D /* UltaIconsRowView.swift in Sources */,
				8808554F2EE1DEB80016AA79 /* UltaCardContainerView.swift in Sources */,
				88F7748D2EF305BA00CD9262 /* UltaLoaderPresenter.swift in Sources */,
				88A606892EF52928007BED5D /* UltaFontsOptions.swift in Sources */,
				880855532EE1DF450016AA79 /* UltaCardContainerViewOptions.swift in Sources */,
				88A606982EF6DD08007BED5D /* UltaIconsOptions.swift in Sources */,
				88BED5472EF92C71000D7E4A /* UltaButtonRowView.swift in Sources */,
				8829728E2EE01DB100538F3F /* UltaOptionsThemeRouter.swift in Sources */,
				882972952EE0419700538F3F /* UltaTextViewPresenter.swift in Sources */,
				88A6068B2EF5293B007BED5D /* UltaFontsPresenter.swift in Sources */,
				88BED5452EF92C56000D7E4A /* UltaButtonViewOptions.swift in Sources */,
				88C808782ED73AB3000BD06E /* UltaCoreUIExampleApp.swift in Sources */,
				880855512EE1DF0E0016AA79 /* UltaCardContainerViewPresenter.swift in Sources */,
				88A6068D2EF52954007BED5D /* UltaFontsRowView.swift in Sources */,
				8829728C2EDEE6E100538F3F /* UltaOptionsThemeView.swift in Sources */,
				881064542EDEAEBD001B17CC /* UltaConstants.swift in Sources */,
				88E487F92EF3FFDF001D99E6 /* UltaColorsView.swift in Sources */,
				88A606942EF6DCBF007BED5D /* UltaIconsPresenter.swift in Sources */,
				88BED5432EF92C3A000D7E4A /* UltaButtonViewPresenter.swift in Sources */,
				8891513B2EEFE78E000EB452 /* UltaBannerViewOptions.swift in Sources */,
				88E488012EF44412001D99E6 /* UltaColorsRowView.swift in Sources */,
			);
			runOnlyForDeploymentPostprocessing = 0;
		};
		88C808802ED73AB5000BD06E /* Sources */ = {
			isa = PBXSourcesBuildPhase;
			buildActionMask = 2147483647;
			files = (
				88C808892ED73AB5000BD06E /* UltaCoreUIExampleTests.swift in Sources */,
			);
			runOnlyForDeploymentPostprocessing = 0;
		};
		88C8088A2ED73AB5000BD06E /* Sources */ = {
			isa = PBXSourcesBuildPhase;
			buildActionMask = 2147483647;
			files = (
				88C808952ED73AB5000BD06E /* UltaCoreUIExampleUITestsLaunchTests.swift in Sources */,
				88C808932ED73AB5000BD06E /* UltaCoreUIExampleUITests.swift in Sources */,
			);
			runOnlyForDeploymentPostprocessing = 0;
		};
/* End PBXSourcesBuildPhase section */

/* Begin PBXTargetDependency section */
		88C808862ED73AB5000BD06E /* PBXTargetDependency */ = {
			isa = PBXTargetDependency;
			target = 88C808732ED73AB3000BD06E /* UltaCoreUIExample */;
			targetProxy = 88C808852ED73AB5000BD06E /* PBXContainerItemProxy */;
		};
		88C808902ED73AB5000BD06E /* PBXTargetDependency */ = {
			isa = PBXTargetDependency;
			target = 88C808732ED73AB3000BD06E /* UltaCoreUIExample */;
			targetProxy = 88C8088F2ED73AB5000BD06E /* PBXContainerItemProxy */;
		};
/* End PBXTargetDependency section */

/* Begin XCBuildConfiguration section */
		88C808962ED73AB5000BD06E /* Debug */ = {
			isa = XCBuildConfiguration;
			buildSettings = {
				ALWAYS_SEARCH_USER_PATHS = NO;
				ASSETCATALOG_COMPILER_GENERATE_SWIFT_ASSET_SYMBOL_EXTENSIONS = YES;
				CLANG_ANALYZER_NONNULL = YES;
				CLANG_ANALYZER_NUMBER_OBJECT_CONVERSION = YES_AGGRESSIVE;
				CLANG_CXX_LANGUAGE_STANDARD = "gnu++20";
				CLANG_ENABLE_MODULES = YES;
				CLANG_ENABLE_OBJC_ARC = YES;
				CLANG_ENABLE_OBJC_WEAK = YES;
				CLANG_WARN_BLOCK_CAPTURE_AUTORELEASING = YES;
				CLANG_WARN_BOOL_CONVERSION = YES;
				CLANG_WARN_COMMA = YES;
				CLANG_WARN_CONSTANT_CONVERSION = YES;
				CLANG_WARN_DEPRECATED_OBJC_IMPLEMENTATIONS = YES;
				CLANG_WARN_DIRECT_OBJC_ISA_USAGE = YES_ERROR;
				CLANG_WARN_DOCUMENTATION_COMMENTS = YES;
				CLANG_WARN_EMPTY_BODY = YES;
				CLANG_WARN_ENUM_CONVERSION = YES;
				CLANG_WARN_INFINITE_RECURSION = YES;
				CLANG_WARN_INT_CONVERSION = YES;
				CLANG_WARN_NON_LITERAL_NULL_CONVERSION = YES;
				CLANG_WARN_OBJC_IMPLICIT_RETAIN_SELF = YES;
				CLANG_WARN_OBJC_LITERAL_CONVERSION = YES;
				CLANG_WARN_OBJC_ROOT_CLASS = YES_ERROR;
				CLANG_WARN_QUOTED_INCLUDE_IN_FRAMEWORK_HEADER = YES;
				CLANG_WARN_RANGE_LOOP_ANALYSIS = YES;
				CLANG_WARN_STRICT_PROTOTYPES = YES;
				CLANG_WARN_SUSPICIOUS_MOVE = YES;
				CLANG_WARN_UNGUARDED_AVAILABILITY = YES_AGGRESSIVE;
				CLANG_WARN_UNREACHABLE_CODE = YES;
				CLANG_WARN__DUPLICATE_METHOD_MATCH = YES;
				COPY_PHASE_STRIP = NO;
				DEBUG_INFORMATION_FORMAT = dwarf;
				ENABLE_STRICT_OBJC_MSGSEND = YES;
				ENABLE_TESTABILITY = YES;
				ENABLE_USER_SCRIPT_SANDBOXING = YES;
				GCC_C_LANGUAGE_STANDARD = gnu17;
				GCC_DYNAMIC_NO_PIC = NO;
				GCC_NO_COMMON_BLOCKS = YES;
				GCC_OPTIMIZATION_LEVEL = 0;
				GCC_PREPROCESSOR_DEFINITIONS = (
					"DEBUG=1",
					"$(inherited)",
				);
				GCC_WARN_64_TO_32_BIT_CONVERSION = YES;
				GCC_WARN_ABOUT_RETURN_TYPE = YES_ERROR;
				GCC_WARN_UNDECLARED_SELECTOR = YES;
				GCC_WARN_UNINITIALIZED_AUTOS = YES_AGGRESSIVE;
				GCC_WARN_UNUSED_FUNCTION = YES;
				GCC_WARN_UNUSED_VARIABLE = YES;
				IPHONEOS_DEPLOYMENT_TARGET = 17.5;
				LOCALIZATION_PREFERS_STRING_CATALOGS = YES;
				MTL_ENABLE_DEBUG_INFO = INCLUDE_SOURCE;
				MTL_FAST_MATH = YES;
				ONLY_ACTIVE_ARCH = YES;
				SDKROOT = iphoneos;
				SWIFT_ACTIVE_COMPILATION_CONDITIONS = "DEBUG $(inherited)";
				SWIFT_OPTIMIZATION_LEVEL = "-Onone";
			};
			name = Debug;
		};
		88C808972ED73AB5000BD06E /* Release */ = {
			isa = XCBuildConfiguration;
			buildSettings = {
				ALWAYS_SEARCH_USER_PATHS = NO;
				ASSETCATALOG_COMPILER_GENERATE_SWIFT_ASSET_SYMBOL_EXTENSIONS = YES;
				CLANG_ANALYZER_NONNULL = YES;
				CLANG_ANALYZER_NUMBER_OBJECT_CONVERSION = YES_AGGRESSIVE;
				CLANG_CXX_LANGUAGE_STANDARD = "gnu++20";
				CLANG_ENABLE_MODULES = YES;
				CLANG_ENABLE_OBJC_ARC = YES;
				CLANG_ENABLE_OBJC_WEAK = YES;
				CLANG_WARN_BLOCK_CAPTURE_AUTORELEASING = YES;
				CLANG_WARN_BOOL_CONVERSION = YES;
				CLANG_WARN_COMMA = YES;
				CLANG_WARN_CONSTANT_CONVERSION = YES;
				CLANG_WARN_DEPRECATED_OBJC_IMPLEMENTATIONS = YES;
				CLANG_WARN_DIRECT_OBJC_ISA_USAGE = YES_ERROR;
				CLANG_WARN_DOCUMENTATION_COMMENTS = YES;
				CLANG_WARN_EMPTY_BODY = YES;
				CLANG_WARN_ENUM_CONVERSION = YES;
				CLANG_WARN_INFINITE_RECURSION = YES;
				CLANG_WARN_INT_CONVERSION = YES;
				CLANG_WARN_NON_LITERAL_NULL_CONVERSION = YES;
				CLANG_WARN_OBJC_IMPLICIT_RETAIN_SELF = YES;
				CLANG_WARN_OBJC_LITERAL_CONVERSION = YES;
				CLANG_WARN_OBJC_ROOT_CLASS = YES_ERROR;
				CLANG_WARN_QUOTED_INCLUDE_IN_FRAMEWORK_HEADER = YES;
				CLANG_WARN_RANGE_LOOP_ANALYSIS = YES;
				CLANG_WARN_STRICT_PROTOTYPES = YES;
				CLANG_WARN_SUSPICIOUS_MOVE = YES;
				CLANG_WARN_UNGUARDED_AVAILABILITY = YES_AGGRESSIVE;
				CLANG_WARN_UNREACHABLE_CODE = YES;
				CLANG_WARN__DUPLICATE_METHOD_MATCH = YES;
				COPY_PHASE_STRIP = NO;
				DEBUG_INFORMATION_FORMAT = "dwarf-with-dsym";
				ENABLE_NS_ASSERTIONS = NO;
				ENABLE_STRICT_OBJC_MSGSEND = YES;
				ENABLE_USER_SCRIPT_SANDBOXING = YES;
				GCC_C_LANGUAGE_STANDARD = gnu17;
				GCC_NO_COMMON_BLOCKS = YES;
				GCC_WARN_64_TO_32_BIT_CONVERSION = YES;
				GCC_WARN_ABOUT_RETURN_TYPE = YES_ERROR;
				GCC_WARN_UNDECLARED_SELECTOR = YES;
				GCC_WARN_UNINITIALIZED_AUTOS = YES_AGGRESSIVE;
				GCC_WARN_UNUSED_FUNCTION = YES;
				GCC_WARN_UNUSED_VARIABLE = YES;
				IPHONEOS_DEPLOYMENT_TARGET = 17.5;
				LOCALIZATION_PREFERS_STRING_CATALOGS = YES;
				MTL_ENABLE_DEBUG_INFO = NO;
				MTL_FAST_MATH = YES;
				SDKROOT = iphoneos;
				SWIFT_COMPILATION_MODE = wholemodule;
				VALIDATE_PRODUCT = YES;
			};
			name = Release;
		};
		88C808992ED73AB5000BD06E /* Debug */ = {
			isa = XCBuildConfiguration;
			buildSettings = {
				ASSETCATALOG_COMPILER_APPICON_NAME = AppIcon;
				ASSETCATALOG_COMPILER_GLOBAL_ACCENT_COLOR_NAME = AccentColor;
				CODE_SIGN_STYLE = Automatic;
				CURRENT_PROJECT_VERSION = 1;
				DEVELOPMENT_ASSET_PATHS = "\"UltaCoreUIExample/Preview Content\"";
				ENABLE_PREVIEWS = YES;
				GENERATE_INFOPLIST_FILE = YES;
				INFOPLIST_KEY_UIApplicationSceneManifest_Generation = YES;
				INFOPLIST_KEY_UIApplicationSupportsIndirectInputEvents = YES;
				INFOPLIST_KEY_UILaunchScreen_Generation = YES;
				INFOPLIST_KEY_UILaunchStoryboardName = "Launch Screen.storyboard";
				INFOPLIST_KEY_UISupportedInterfaceOrientations_iPad = "UIInterfaceOrientationPortrait UIInterfaceOrientationPortraitUpsideDown UIInterfaceOrientationLandscapeLeft UIInterfaceOrientationLandscapeRight";
				INFOPLIST_KEY_UISupportedInterfaceOrientations_iPhone = "UIInterfaceOrientationPortrait UIInterfaceOrientationLandscapeLeft UIInterfaceOrientationLandscapeRight";
				LD_RUNPATH_SEARCH_PATHS = (
					"$(inherited)",
					"@executable_path/Frameworks",
				);
				MARKETING_VERSION = 1.0;
				PRODUCT_BUNDLE_IDENTIFIER = com.nisum.nisumTest.UltaCoreUIExample;
				PRODUCT_NAME = "$(TARGET_NAME)";
				SWIFT_EMIT_LOC_STRINGS = YES;
				SWIFT_VERSION = 5.0;
				TARGETED_DEVICE_FAMILY = "1,2";
			};
			name = Debug;
		};
		88C8089A2ED73AB5000BD06E /* Release */ = {
			isa = XCBuildConfiguration;
			buildSettings = {
				ASSETCATALOG_COMPILER_APPICON_NAME = AppIcon;
				ASSETCATALOG_COMPILER_GLOBAL_ACCENT_COLOR_NAME = AccentColor;
				CODE_SIGN_STYLE = Automatic;
				CURRENT_PROJECT_VERSION = 1;
				DEVELOPMENT_ASSET_PATHS = "\"UltaCoreUIExample/Preview Content\"";
				ENABLE_PREVIEWS = YES;
				GENERATE_INFOPLIST_FILE = YES;
				INFOPLIST_KEY_UIApplicationSceneManifest_Generation = YES;
				INFOPLIST_KEY_UIApplicationSupportsIndirectInputEvents = YES;
				INFOPLIST_KEY_UILaunchScreen_Generation = YES;
				INFOPLIST_KEY_UILaunchStoryboardName = "Launch Screen.storyboard";
				INFOPLIST_KEY_UISupportedInterfaceOrientations_iPad = "UIInterfaceOrientationPortrait UIInterfaceOrientationPortraitUpsideDown UIInterfaceOrientationLandscapeLeft UIInterfaceOrientationLandscapeRight";
				INFOPLIST_KEY_UISupportedInterfaceOrientations_iPhone = "UIInterfaceOrientationPortrait UIInterfaceOrientationLandscapeLeft UIInterfaceOrientationLandscapeRight";
				LD_RUNPATH_SEARCH_PATHS = (
					"$(inherited)",
					"@executable_path/Frameworks",
				);
				MARKETING_VERSION = 1.0;
				PRODUCT_BUNDLE_IDENTIFIER = com.nisum.nisumTest.UltaCoreUIExample;
				PRODUCT_NAME = "$(TARGET_NAME)";
				SWIFT_EMIT_LOC_STRINGS = YES;
				SWIFT_VERSION = 5.0;
				TARGETED_DEVICE_FAMILY = "1,2";
			};
			name = Release;
		};
		88C8089C2ED73AB5000BD06E /* Debug */ = {
			isa = XCBuildConfiguration;
			buildSettings = {
				ALWAYS_EMBED_SWIFT_STANDARD_LIBRARIES = YES;
				BUNDLE_LOADER = "$(TEST_HOST)";
				CODE_SIGN_STYLE = Automatic;
				CURRENT_PROJECT_VERSION = 1;
				GENERATE_INFOPLIST_FILE = YES;
				IPHONEOS_DEPLOYMENT_TARGET = 17.5;
				MARKETING_VERSION = 1.0;
				PRODUCT_BUNDLE_IDENTIFIER = com.nisum.nisumTest.UltaCoreUIExampleTests;
				PRODUCT_NAME = "$(TARGET_NAME)";
				SWIFT_EMIT_LOC_STRINGS = NO;
				SWIFT_VERSION = 5.0;
				TARGETED_DEVICE_FAMILY = "1,2";
				TEST_HOST = "$(BUILT_PRODUCTS_DIR)/UltaCoreUIExample.app/$(BUNDLE_EXECUTABLE_FOLDER_PATH)/UltaCoreUIExample";
			};
			name = Debug;
		};
		88C8089D2ED73AB5000BD06E /* Release */ = {
			isa = XCBuildConfiguration;
			buildSettings = {
				ALWAYS_EMBED_SWIFT_STANDARD_LIBRARIES = YES;
				BUNDLE_LOADER = "$(TEST_HOST)";
				CODE_SIGN_STYLE = Automatic;
				CURRENT_PROJECT_VERSION = 1;
				GENERATE_INFOPLIST_FILE = YES;
				IPHONEOS_DEPLOYMENT_TARGET = 17.5;
				MARKETING_VERSION = 1.0;
				PRODUCT_BUNDLE_IDENTIFIER = com.nisum.nisumTest.UltaCoreUIExampleTests;
				PRODUCT_NAME = "$(TARGET_NAME)";
				SWIFT_EMIT_LOC_STRINGS = NO;
				SWIFT_VERSION = 5.0;
				TARGETED_DEVICE_FAMILY = "1,2";
				TEST_HOST = "$(BUILT_PRODUCTS_DIR)/UltaCoreUIExample.app/$(BUNDLE_EXECUTABLE_FOLDER_PATH)/UltaCoreUIExample";
			};
			name = Release;
		};
		88C8089F2ED73AB5000BD06E /* Debug */ = {
			isa = XCBuildConfiguration;
			buildSettings = {
				ALWAYS_EMBED_SWIFT_STANDARD_LIBRARIES = YES;
				CODE_SIGN_STYLE = Automatic;
				CURRENT_PROJECT_VERSION = 1;
				GENERATE_INFOPLIST_FILE = YES;
				MARKETING_VERSION = 1.0;
				PRODUCT_BUNDLE_IDENTIFIER = com.nisum.nisumTest.UltaCoreUIExampleUITests;
				PRODUCT_NAME = "$(TARGET_NAME)";
				SWIFT_EMIT_LOC_STRINGS = NO;
				SWIFT_VERSION = 5.0;
				TARGETED_DEVICE_FAMILY = "1,2";
				TEST_TARGET_NAME = UltaCoreUIExample;
			};
			name = Debug;
		};
		88C808A02ED73AB5000BD06E /* Release */ = {
			isa = XCBuildConfiguration;
			buildSettings = {
				ALWAYS_EMBED_SWIFT_STANDARD_LIBRARIES = YES;
				CODE_SIGN_STYLE = Automatic;
				CURRENT_PROJECT_VERSION = 1;
				GENERATE_INFOPLIST_FILE = YES;
				MARKETING_VERSION = 1.0;
				PRODUCT_BUNDLE_IDENTIFIER = com.nisum.nisumTest.UltaCoreUIExampleUITests;
				PRODUCT_NAME = "$(TARGET_NAME)";
				SWIFT_EMIT_LOC_STRINGS = NO;
				SWIFT_VERSION = 5.0;
				TARGETED_DEVICE_FAMILY = "1,2";
				TEST_TARGET_NAME = UltaCoreUIExample;
			};
			name = Release;
		};
/* End XCBuildConfiguration section */

/* Begin XCConfigurationList section */
		88C8086F2ED73AB3000BD06E /* Build configuration list for PBXProject "UltaCoreUIExample" */ = {
			isa = XCConfigurationList;
			buildConfigurations = (
				88C808962ED73AB5000BD06E /* Debug */,
				88C808972ED73AB5000BD06E /* Release */,
			);
			defaultConfigurationIsVisible = 0;
			defaultConfigurationName = Release;
		};
		88C808982ED73AB5000BD06E /* Build configuration list for PBXNativeTarget "UltaCoreUIExample" */ = {
			isa = XCConfigurationList;
			buildConfigurations = (
				88C808992ED73AB5000BD06E /* Debug */,
				88C8089A2ED73AB5000BD06E /* Release */,
			);
			defaultConfigurationIsVisible = 0;
			defaultConfigurationName = Release;
		};
		88C8089B2ED73AB5000BD06E /* Build configuration list for PBXNativeTarget "UltaCoreUIExampleTests" */ = {
			isa = XCConfigurationList;
			buildConfigurations = (
				88C8089C2ED73AB5000BD06E /* Debug */,
				88C8089D2ED73AB5000BD06E /* Release */,
			);
			defaultConfigurationIsVisible = 0;
			defaultConfigurationName = Release;
		};
		88C8089E2ED73AB5000BD06E /* Build configuration list for PBXNativeTarget "UltaCoreUIExampleUITests" */ = {
			isa = XCConfigurationList;
			buildConfigurations = (
				88C8089F2ED73AB5000BD06E /* Debug */,
				88C808A02ED73AB5000BD06E /* Release */,
			);
			defaultConfigurationIsVisible = 0;
			defaultConfigurationName = Release;
		};
/* End XCConfigurationList section */

/* Begin XCRemoteSwiftPackageReference section */
		88C808A12ED73F30000BD06E /* XCRemoteSwiftPackageReference "UltaCoreUI" */ = {
			isa = XCRemoteSwiftPackageReference;
			repositoryURL = "https://github.com/rkum00/UltaCoreUI";
			requirement = {
				branch = main;
				kind = branch;
			};
		};
/* End XCRemoteSwiftPackageReference section */

/* Begin XCSwiftPackageProductDependency section */
		88C808A22ED73F30000BD06E /* UltaCoreUI */ = {
			isa = XCSwiftPackageProductDependency;
			package = 88C808A12ED73F30000BD06E /* XCRemoteSwiftPackageReference "UltaCoreUI" */;
			productName = UltaCoreUI;
		};
/* End XCSwiftPackageProductDependency section */
	};
	rootObject = 88C8086C2ED73AB3000BD06E /* Project object */;
}
